// !$*UTF8*$!
{
	archiveVersion = 1;
	classes = {
	};
	objectVersion = 77;
	objects = {

/* Begin PBXBuildFile section */
		CEC41E4EAFF42511D624D1A0 /* Pods_ios_host_app.framework in Frameworks */ = {isa = PBXBuildFile; fileRef = 439607AB717345C8FAC1A5EE /* Pods_ios_host_app.framework */; };
/* End PBXBuildFile section */

/* Begin PBXContainerItemProxy section */
		C04F69F62ED94D8900783324 /* PBXContainerItemProxy */ = {
			isa = PBXContainerItemProxy;
			containerPortal = C04F69D72ED94D8800783324 /* Project object */;
			proxyType = 1;
			remoteGlobalIDString = C04F69DE2ED94D8800783324;
			remoteInfo = ios_host_app;
		};
		C04F6A002ED94D8900783324 /* PBXContainerItemProxy */ = {
			isa = PBXContainerItemProxy;
			containerPortal = C04F69D72ED94D8800783324 /* Project object */;
			proxyType = 1;
			remoteGlobalIDString = C04F69DE2ED94D8800783324;
			remoteInfo = ios_host_app;
		};
/* End PBXContainerItemProxy section */

/* Begin PBXFileReference section */
		0852A4206FE255255D59CDC6 /* Pods-ios_host_app.debug.xcconfig */ = {isa = PBXFileReference; includeInIndex = 1; lastKnownFileType = text.xcconfig; name = "Pods-ios_host_app.debug.xcconfig"; path = "Target Support Files/Pods-ios_host_app/Pods-ios_host_app.debug.xcconfig"; sourceTree = "<group>"; };
		439607AB717345C8FAC1A5EE /* Pods_ios_host_app.framework */ = {isa = PBXFileReference; explicitFileType = wrapper.framework; includeInIndex = 0; path = Pods_ios_host_app.framework; sourceTree = BUILT_PRODUCTS_DIR; };
		C04F69DF2ED94D8800783324 /* ios_host_app.app */ = {isa = PBXFileReference; explicitFileType = wrapper.application; includeInIndex = 0; path = ios_host_app.app; sourceTree = BUILT_PRODUCTS_DIR; };
		C04F69F52ED94D8900783324 /* ios_host_appTests.xctest */ = {isa = PBXFileReference; explicitFileType = wrapper.cfbundle; includeInIndex = 0; path = ios_host_appTests.xctest; sourceTree = BUILT_PRODUCTS_DIR; };
		C04F69FF2ED94D8900783324 /* ios_host_appUITests.xctest */ = {isa = PBXFileReference; explicitFileType = wrapper.cfbundle; includeInIndex = 0; path = ios_host_appUITests.xctest; sourceTree = BUILT_PRODUCTS_DIR; };
		E0126AC9392BEFF9892B8ECA /* Pods-ios_host_app.release.xcconfig */ = {isa = PBXFileReference; includeInIndex = 1; lastKnownFileType = text.xcconfig; name = "Pods-ios_host_app.release.xcconfig"; path = "Target Support Files/Pods-ios_host_app/Pods-ios_host_app.release.xcconfig"; sourceTree = "<group>"; };
/* End PBXFileReference section */

/* Begin PBXFileSystemSynchronizedBuildFileExceptionSet section */
		C04F6A072ED94D8900783324 /* Exceptions for "ios_host_app" folder in "ios_host_app" target */ = {
			isa = PBXFileSystemSynchronizedBuildFileExceptionSet;
			membershipExceptions = (
				Info.plist,
			);
			target = C04F69DE2ED94D8800783324 /* ios_host_app */;
		};
/* End PBXFileSystemSynchronizedBuildFileExceptionSet section */

/* Begin PBXFileSystemSynchronizedRootGroup section */
		C04F69E12ED94D8800783324 /* ios_host_app */ = {
			isa = PBXFileSystemSynchronizedRootGroup;
			exceptions = (
				C04F6A072ED94D8900783324 /* Exceptions for "ios_host_app" folder in "ios_host_app" target */,
			);
			path = ios_host_app;
			sourceTree = "<group>";
		};
		C04F69F82ED94D8900783324 /* ios_host_appTests */ = {
			isa = PBXFileSystemSynchronizedRootGroup;
			path = ios_host_appTests;
			sourceTree = "<group>";
		};
		C04F6A022ED94D8900783324 /* ios_host_appUITests */ = {
			isa = PBXFileSystemSynchronizedRootGroup;
			path = ios_host_appUITests;
			sourceTree = "<group>";
		};
/* End PBXFileSystemSynchronizedRootGroup section */

/* Begin PBXFrameworksBuildPhase section */
		C04F69DC2ED94D8800783324 /* Frameworks */ = {
			isa = PBXFrameworksBuildPhase;
			buildActionMask = 2147483647;
			files = (
				CEC41E4EAFF42511D624D1A0 /* Pods_ios_host_app.framework in Frameworks */,
			);
			runOnlyForDeploymentPostprocessing = 0;
		};
		C04F69F22ED94D8900783324 /* Frameworks */ = {
			isa = PBXFrameworksBuildPhase;
			buildActionMask = 2147483647;
			files = (
			);
			runOnlyForDeploymentPostprocessing = 0;
		};
		C04F69FC2ED94D8900783324 /* Frameworks */ = {
			isa = PBXFrameworksBuildPhase;
			buildActionMask = 2147483647;
			files = (
			);
			runOnlyForDeploymentPostprocessing = 0;
		};
/* End PBXFrameworksBuildPhase section */

/* Begin PBXGroup section */
		259C24E3D5EDBD573AC96E9C /* Frameworks */ = {
			isa = PBXGroup;
			children = (
				439607AB717345C8FAC1A5EE /* Pods_ios_host_app.framework */,
			);
			name = Frameworks;
			sourceTree = "<group>";
		};
		6EAF73953603F1D267D27B3D /* Pods */ = {
			isa = PBXGroup;
			children = (
				0852A4206FE255255D59CDC6 /* Pods-ios_host_app.debug.xcconfig */,
				E0126AC9392BEFF9892B8ECA /* Pods-ios_host_app.release.xcconfig */,
			);
			path = Pods;
			sourceTree = "<group>";
		};
		C04F69D62ED94D8800783324 = {
			isa = PBXGroup;
			children = (
				C04F69E12ED94D8800783324 /* ios_host_app */,
				C04F69F82ED94D8900783324 /* ios_host_appTests */,
				C04F6A022ED94D8900783324 /* ios_host_appUITests */,
				C04F69E02ED94D8800783324 /* Products */,
				6EAF73953603F1D267D27B3D /* Pods */,
				259C24E3D5EDBD573AC96E9C /* Frameworks */,
			);
			sourceTree = "<group>";
		};
		C04F69E02ED94D8800783324 /* Products */ = {
			isa = PBXGroup;
			children = (
				C04F69DF2ED94D8800783324 /* ios_host_app.app */,
				C04F69F52ED94D8900783324 /* ios_host_appTests.xctest */,
				C04F69FF2ED94D8900783324 /* ios_host_appUITests.xctest */,
			);
			name = Products;
			sourceTree = "<group>";
		};
/* End PBXGroup section */

/* Begin PBXNativeTarget section */
		C04F69DE2ED94D8800783324 /* ios_host_app */ = {
			isa = PBXNativeTarget;
			buildConfigurationList = C04F6A082ED94D8900783324 /* Build configuration list for PBXNativeTarget "ios_host_app" */;
			buildPhases = (
				71421D5CE68D5AC3E6589B6C /* [CP] Check Pods Manifest.lock */,
				7C7F9710AA1AB2050FEE884C /* [CP-User] Run Flutter Build universal_experience_module Script */,
				C04F69DB2ED94D8800783324 /* Sources */,
				C04F69DC2ED94D8800783324 /* Frameworks */,
				C04F69DD2ED94D8800783324 /* Resources */,
				FE696AE4A68443CF1AF25FCB /* [CP-User] Embed Flutter Build universal_experience_module Script */,
			);
			buildRules = (
			);
			dependencies = (
			);
			fileSystemSynchronizedGroups = (
				C04F69E12ED94D8800783324 /* ios_host_app */,
			);
			name = ios_host_app;
			productName = ios_host_app;
			productReference = C04F69DF2ED94D8800783324 /* ios_host_app.app */;
			productType = "com.apple.product-type.application";
		};
		C04F69F42ED94D8900783324 /* ios_host_appTests */ = {
			isa = PBXNativeTarget;
			buildConfigurationList = C04F6A0D2ED94D8900783324 /* Build configuration list for PBXNativeTarget "ios_host_appTests" */;
			buildPhases = (
				C04F69F12ED94D8900783324 /* Sources */,
				C04F69F22ED94D8900783324 /* Frameworks */,
				C04F69F32ED94D8900783324 /* Resources */,
			);
			buildRules = (
			);
			dependencies = (
				C04F69F72ED94D8900783324 /* PBXTargetDependency */,
			);
			fileSystemSynchronizedGroups = (
				C04F69F82ED94D8900783324 /* ios_host_appTests */,
			);
			name = ios_host_appTests;
			productName = ios_host_appTests;
			productReference = C04F69F52ED94D8900783324 /* ios_host_appTests.xctest */;
			productType = "com.apple.product-type.bundle.unit-test";
		};
		C04F69FE2ED94D8900783324 /* ios_host_appUITests */ = {
			isa = PBXNativeTarget;
			buildConfigurationList = C04F6A102ED94D8900783324 /* Build configuration list for PBXNativeTarget "ios_host_appUITests" */;
			buildPhases = (
				C04F69FB2ED94D8900783324 /* Sources */,
				C04F69FC2ED94D8900783324 /* Frameworks */,
				C04F69FD2ED94D8900783324 /* Resources */,
			);
			buildRules = (
			);
			dependencies = (
				C04F6A012ED94D8900783324 /* PBXTargetDependency */,
			);
			fileSystemSynchronizedGroups = (
				C04F6A022ED94D8900783324 /* ios_host_appUITests */,
			);
			name = ios_host_appUITests;
			productName = ios_host_appUITests;
			productReference = C04F69FF2ED94D8900783324 /* ios_host_appUITests.xctest */;
			productType = "com.apple.product-type.bundle.ui-testing";
		};
/* End PBXNativeTarget section */

/* Begin PBXProject section */
		C04F69D72ED94D8800783324 /* Project object */ = {
			isa = PBXProject;
			attributes = {
				BuildIndependentTargetsInParallel = 1;
				LastSwiftUpdateCheck = 2610;
				LastUpgradeCheck = 2610;
				TargetAttributes = {
					C04F69DE2ED94D8800783324 = {
						CreatedOnToolsVersion = 26.1.1;
					};
					C04F69F42ED94D8900783324 = {
						CreatedOnToolsVersion = 26.1.1;
						TestTargetID = C04F69DE2ED94D8800783324;
					};
					C04F69FE2ED94D8900783324 = {
						CreatedOnToolsVersion = 26.1.1;
						TestTargetID = C04F69DE2ED94D8800783324;
					};
				};
			};
			buildConfigurationList = C04F69DA2ED94D8800783324 /* Build configuration list for PBXProject "ios_host_app" */;
			developmentRegion = en;
			hasScannedForEncodings = 0;
			knownRegions = (
				en,
				Base,
			);
			mainGroup = C04F69D62ED94D8800783324;
			minimizedProjectReferenceProxies = 1;
			preferredProjectObjectVersion = 77;
			productRefGroup = C04F69E02ED94D8800783324 /* Products */;
			projectDirPath = "";
			projectRoot = "";
			targets = (
				C04F69DE2ED94D8800783324 /* ios_host_app */,
				C04F69F42ED94D8900783324 /* ios_host_appTests */,
				C04F69FE2ED94D8900783324 /* ios_host_appUITests */,
			);
		};
/* End PBXProject section */

/* Begin PBXResourcesBuildPhase section */
		C04F69DD2ED94D8800783324 /* Resources */ = {
			isa = PBXResourcesBuildPhase;
			buildActionMask = 2147483647;
			files = (
			);
			runOnlyForDeploymentPostprocessing = 0;
		};
		C04F69F32ED94D8900783324 /* Resources */ = {
			isa = PBXResourcesBuildPhase;
			buildActionMask = 2147483647;
			files = (
			);
			runOnlyForDeploymentPostprocessing = 0;
		};
		C04F69FD2ED94D8900783324 /* Resources */ = {
			isa = PBXResourcesBuildPhase;
			buildActionMask = 2147483647;
			files = (
			);
			runOnlyForDeploymentPostprocessing = 0;
		};
/* End PBXResourcesBuildPhase section */

/* Begin PBXShellScriptBuildPhase section */
		71421D5CE68D5AC3E6589B6C /* [CP] Check Pods Manifest.lock */ = {
			isa = PBXShellScriptBuildPhase;
			buildActionMask = 2147483647;
			files = (
			);
			inputFileListPaths = (
			);
			inputPaths = (
				"${PODS_PODFILE_DIR_PATH}/Podfile.lock",
				"${PODS_ROOT}/Manifest.lock",
			);
			name = "[CP] Check Pods Manifest.lock";
			outputFileListPaths = (
			);
			outputPaths = (
				"$(DERIVED_FILE_DIR)/Pods-ios_host_app-checkManifestLockResult.txt",
			);
			runOnlyForDeploymentPostprocessing = 0;
			shellPath = /bin/sh;
			shellScript = "diff \"${PODS_PODFILE_DIR_PATH}/Podfile.lock\" \"${PODS_ROOT}/Manifest.lock\" > /dev/null\nif [ $? != 0 ] ; then\n    # print error to STDERR\n    echo \"error: The sandbox is not in sync with the Podfile.lock. Run 'pod install' or update your CocoaPods installation.\" >&2\n    exit 1\nfi\n# This output is used by Xcode 'outputs' to avoid re-running this script phase.\necho \"SUCCESS\" > \"${SCRIPT_OUTPUT_FILE_0}\"\n";
			showEnvVarsInLog = 0;
		};
		7C7F9710AA1AB2050FEE884C /* [CP-User] Run Flutter Build universal_experience_module Script */ = {
			isa = PBXShellScriptBuildPhase;
			buildActionMask = 2147483647;
			files = (
			);
			inputPaths = (
			);
			name = "[CP-User] Run Flutter Build universal_experience_module Script";
			outputPaths = (
			);
			runOnlyForDeploymentPostprocessing = 0;
			shellPath = /bin/sh;
			shellScript = "set -e\nset -u\nsource \"${SRCROOT}/../universal_experience_module/.ios/Flutter/flutter_export_environment.sh\"\nexport VERBOSE_SCRIPT_LOGGING=1 && \"$FLUTTER_ROOT\"/packages/flutter_tools/bin/xcode_backend.sh build";
		};
		FE696AE4A68443CF1AF25FCB /* [CP-User] Embed Flutter Build universal_experience_module Script */ = {
			isa = PBXShellScriptBuildPhase;
			buildActionMask = 2147483647;
			files = (
			);
			inputPaths = (
			);
			name = "[CP-User] Embed Flutter Build universal_experience_module Script";
			outputPaths = (
			);
			runOnlyForDeploymentPostprocessing = 0;
			shellPath = /bin/sh;
			shellScript = "set -e\nset -u\nsource \"${SRCROOT}/../universal_experience_module/.ios/Flutter/flutter_export_environment.sh\"\nexport VERBOSE_SCRIPT_LOGGING=1 && \"$FLUTTER_ROOT\"/packages/flutter_tools/bin/xcode_backend.sh embed_and_thin";
		};
/* End PBXShellScriptBuildPhase section */

/* Begin PBXSourcesBuildPhase section */
		C04F69DB2ED94D8800783324 /* Sources */ = {
			isa = PBXSourcesBuildPhase;
			buildActionMask = 2147483647;
			files = (
			);
			runOnlyForDeploymentPostprocessing = 0;
		};
		C04F69F12ED94D8900783324 /* Sources */ = {
			isa = PBXSourcesBuildPhase;
			buildActionMask = 2147483647;
			files = (
			);
			runOnlyForDeploymentPostprocessing = 0;
		};
		C04F69FB2ED94D8900783324 /* Sources */ = {
			isa = PBXSourcesBuildPhase;
			buildActionMask = 2147483647;
			files = (
			);
			runOnlyForDeploymentPostprocessing = 0;
		};
/* End PBXSourcesBuildPhase section */

/* Begin PBXTargetDependency section */
		C04F69F72ED94D8900783324 /* PBXTargetDependency */ = {
			isa = PBXTargetDependency;
			target = C04F69DE2ED94D8800783324 /* ios_host_app */;
			targetProxy = C04F69F62ED94D8900783324 /* PBXContainerItemProxy */;
		};
		C04F6A012ED94D8900783324 /* PBXTargetDependency */ = {
			isa = PBXTargetDependency;
			target = C04F69DE2ED94D8800783324 /* ios_host_app */;
			targetProxy = C04F6A002ED94D8900783324 /* PBXContainerItemProxy */;
		};
/* End PBXTargetDependency section */

/* Begin XCBuildConfiguration section */
		C04F6A092ED94D8900783324 /* Debug */ = {
			isa = XCBuildConfiguration;
			baseConfigurationReference = 0852A4206FE255255D59CDC6 /* Pods-ios_host_app.debug.xcconfig */;
			buildSettings = {
				ASSETCATALOG_COMPILER_APPICON_NAME = AppIcon;
				ASSETCATALOG_COMPILER_GLOBAL_ACCENT_COLOR_NAME = AccentColor;
				CODE_SIGN_STYLE = Automatic;
				CURRENT_PROJECT_VERSION = 1;
				GENERATE_INFOPLIST_FILE = YES;
				INFOPLIST_FILE = ios_host_app/Info.plist;
				INFOPLIST_KEY_UIApplicationSupportsIndirectInputEvents = YES;
				INFOPLIST_KEY_UILaunchStoryboardName = LaunchScreen;
				INFOPLIST_KEY_UIMainStoryboardFile = Main;
				INFOPLIST_KEY_UISupportedInterfaceOrientations_iPad = "UIInterfaceOrientationPortrait UIInterfaceOrientationPortraitUpsideDown UIInterfaceOrientationLandscapeLeft UIInterfaceOrientationLandscapeRight";
				INFOPLIST_KEY_UISupportedInterfaceOrientations_iPhone = "UIInterfaceOrientationPortrait UIInterfaceOrientationLandscapeLeft UIInterfaceOrientationLandscapeRight";
				LD_RUNPATH_SEARCH_PATHS = (
					"$(inherited)",
					"@executable_path/Frameworks",
				);
				MARKETING_VERSION = 1.0;
				PRODUCT_BUNDLE_IDENTIFIER = "ss.ss.ios-host-app";
				PRODUCT_NAME = "$(TARGET_NAME)";
				STRING_CATALOG_GENERATE_SYMBOLS = YES;
				SWIFT_APPROACHABLE_CONCURRENCY = YES;
				SWIFT_DEFAULT_ACTOR_ISOLATION = MainActor;
				SWIFT_EMIT_LOC_STRINGS = YES;
				SWIFT_UPCOMING_FEATURE_MEMBER_IMPORT_VISIBILITY = YES;
				SWIFT_VERSION = 5.0;
				TARGETED_DEVICE_FAMILY = "1,2";
			};
			name = Debug;
		};
		C04F6A0A2ED94D8900783324 /* Release */ = {
			isa = XCBuildConfiguration;
			baseConfigurationReference = E0126AC9392BEFF9892B8ECA /* Pods-ios_host_app.release.xcconfig */;
			buildSettings = {
				ASSETCATALOG_COMPILER_APPICON_NAME = AppIcon;
				ASSETCATALOG_COMPILER_GLOBAL_ACCENT_COLOR_NAME = AccentColor;
				CODE_SIGN_STYLE = Automatic;
				CURRENT_PROJECT_VERSION = 1;
				GENERATE_INFOPLIST_FILE = YES;
				INFOPLIST_FILE = ios_host_app/Info.plist;
				INFOPLIST_KEY_UIApplicationSupportsIndirectInputEvents = YES;
				INFOPLIST_KEY_UILaunchStoryboardName = LaunchScreen;
				INFOPLIST_KEY_UIMainStoryboardFile = Main;
				INFOPLIST_KEY_UISupportedInterfaceOrientations_iPad = "UIInterfaceOrientationPortrait UIInterfaceOrientationPortraitUpsideDown UIInterfaceOrientationLandscapeLeft UIInterfaceOrientationLandscapeRight";
				INFOPLIST_KEY_UISupportedInterfaceOrientations_iPhone = "UIInterfaceOrientationPortrait UIInterfaceOrientationLandscapeLeft UIInterfaceOrientationLandscapeRight";
				LD_RUNPATH_SEARCH_PATHS = (
					"$(inherited)",
					"@executable_path/Frameworks",
				);
				MARKETING_VERSION = 1.0;
				PRODUCT_BUNDLE_IDENTIFIER = "ss.ss.ios-host-app";
				PRODUCT_NAME = "$(TARGET_NAME)";
				STRING_CATALOG_GENERATE_SYMBOLS = YES;
				SWIFT_APPROACHABLE_CONCURRENCY = YES;
				SWIFT_DEFAULT_ACTOR_ISOLATION = MainActor;
				SWIFT_EMIT_LOC_STRINGS = YES;
				SWIFT_UPCOMING_FEATURE_MEMBER_IMPORT_VISIBILITY = YES;
				SWIFT_VERSION = 5.0;
				TARGETED_DEVICE_FAMILY = "1,2";
			};
			name = Release;
		};
		C04F6A0B2ED94D8900783324 /* Debug */ = {
			isa = XCBuildConfiguration;
			buildSettings = {
				ALWAYS_SEARCH_USER_PATHS = NO;
				ASSETCATALOG_COMPILER_GENERATE_SWIFT_ASSET_SYMBOL_EXTENSIONS = YES;
				CLANG_ANALYZER_NONNULL = YES;
				CLANG_ANALYZER_NUMBER_OBJECT_CONVERSION = YES_AGGRESSIVE;
				CLANG_CXX_LANGUAGE_STANDARD = "gnu++20";
				CLANG_ENABLE_MODULES = YES;
				CLANG_ENABLE_OBJC_ARC = YES;
				CLANG_ENABLE_OBJC_WEAK = YES;
				CLANG_WARN_BLOCK_CAPTURE_AUTORELEASING = YES;
				CLANG_WARN_BOOL_CONVERSION = YES;
				CLANG_WARN_COMMA = YES;
				CLANG_WARN_CONSTANT_CONVERSION = YES;
				CLANG_WARN_DEPRECATED_OBJC_IMPLEMENTATIONS = YES;
				CLANG_WARN_DIRECT_OBJC_ISA_USAGE = YES_ERROR;
				CLANG_WARN_DOCUMENTATION_COMMENTS = YES;
				CLANG_WARN_EMPTY_BODY = YES;
				CLANG_WARN_ENUM_CONVERSION = YES;
				CLANG_WARN_INFINITE_RECURSION = YES;
				CLANG_WARN_INT_CONVERSION = YES;
				CLANG_WARN_NON_LITERAL_NULL_CONVERSION = YES;
				CLANG_WARN_OBJC_IMPLICIT_RETAIN_SELF = YES;
				CLANG_WARN_OBJC_LITERAL_CONVERSION = YES;
				CLANG_WARN_OBJC_ROOT_CLASS = YES_ERROR;
				CLANG_WARN_QUOTED_INCLUDE_IN_FRAMEWORK_HEADER = YES;
				CLANG_WARN_RANGE_LOOP_ANALYSIS = YES;
				CLANG_WARN_STRICT_PROTOTYPES = YES;
				CLANG_WARN_SUSPICIOUS_MOVE = YES;
				CLANG_WARN_UNGUARDED_AVAILABILITY = YES_AGGRESSIVE;
				CLANG_WARN_UNREACHABLE_CODE = YES;
				CLANG_WARN__DUPLICATE_METHOD_MATCH = YES;
				COPY_PHASE_STRIP = NO;
				DEBUG_INFORMATION_FORMAT = dwarf;
				ENABLE_STRICT_OBJC_MSGSEND = YES;
				ENABLE_TESTABILITY = YES;
				ENABLE_USER_SCRIPT_SANDBOXING = NO;
				GCC_C_LANGUAGE_STANDARD = gnu17;
				GCC_DYNAMIC_NO_PIC = NO;
				GCC_NO_COMMON_BLOCKS = YES;
				GCC_OPTIMIZATION_LEVEL = 0;
				GCC_PREPROCESSOR_DEFINITIONS = (
					"DEBUG=1",
					"$(inherited)",
				);
				GCC_WARN_64_TO_32_BIT_CONVERSION = YES;
				GCC_WARN_ABOUT_RETURN_TYPE = YES_ERROR;
				GCC_WARN_UNDECLARED_SELECTOR = YES;
				GCC_WARN_UNINITIALIZED_AUTOS = YES_AGGRESSIVE;
				GCC_WARN_UNUSED_FUNCTION = YES;
				GCC_WARN_UNUSED_VARIABLE = YES;
				IPHONEOS_DEPLOYMENT_TARGET = 26.1;
				LOCALIZATION_PREFERS_STRING_CATALOGS = YES;
				MTL_ENABLE_DEBUG_INFO = INCLUDE_SOURCE;
				MTL_FAST_MATH = YES;
				ONLY_ACTIVE_ARCH = YES;
				SDKROOT = iphoneos;
				SWIFT_ACTIVE_COMPILATION_CONDITIONS = "DEBUG $(inherited)";
				SWIFT_OPTIMIZATION_LEVEL = "-Onone";
			};
			name = Debug;
		};
		C04F6A0C2ED94D8900783324 /* Release */ = {
			isa = XCBuildConfiguration;
			buildSettings = {
				ALWAYS_SEARCH_USER_PATHS = NO;
				ASSETCATALOG_COMPILER_GENERATE_SWIFT_ASSET_SYMBOL_EXTENSIONS = YES;
				CLANG_ANALYZER_NONNULL = YES;
				CLANG_ANALYZER_NUMBER_OBJECT_CONVERSION = YES_AGGRESSIVE;
				CLANG_CXX_LANGUAGE_STANDARD = "gnu++20";
				CLANG_ENABLE_MODULES = YES;
				CLANG_ENABLE_OBJC_ARC = YES;
				CLANG_ENABLE_OBJC_WEAK = YES;
				CLANG_WARN_BLOCK_CAPTURE_AUTORELEASING = YES;
				CLANG_WARN_BOOL_CONVERSION = YES;
				CLANG_WARN_COMMA = YES;
				CLANG_WARN_CONSTANT_CONVERSION = YES;
				CLANG_WARN_DEPRECATED_OBJC_IMPLEMENTATIONS = YES;
				CLANG_WARN_DIRECT_OBJC_ISA_USAGE = YES_ERROR;
				CLANG_WARN_DOCUMENTATION_COMMENTS = YES;
				CLANG_WARN_EMPTY_BODY = YES;
				CLANG_WARN_ENUM_CONVERSION = YES;
				CLANG_WARN_INFINITE_RECURSION = YES;
				CLANG_WARN_INT_CONVERSION = YES;
				CLANG_WARN_NON_LITERAL_NULL_CONVERSION = YES;
				CLANG_WARN_OBJC_IMPLICIT_RETAIN_SELF = YES;
				CLANG_WARN_OBJC_LITERAL_CONVERSION = YES;
				CLANG_WARN_OBJC_ROOT_CLASS = YES_ERROR;
				CLANG_WARN_QUOTED_INCLUDE_IN_FRAMEWORK_HEADER = YES;
				CLANG_WARN_RANGE_LOOP_ANALYSIS = YES;
				CLANG_WARN_STRICT_PROTOTYPES = YES;
				CLANG_WARN_SUSPICIOUS_MOVE = YES;
				CLANG_WARN_UNGUARDED_AVAILABILITY = YES_AGGRESSIVE;
				CLANG_WARN_UNREACHABLE_CODE = YES;
				CLANG_WARN__DUPLICATE_METHOD_MATCH = YES;
				COPY_PHASE_STRIP = NO;
				DEBUG_INFORMATION_FORMAT = "dwarf-with-dsym";
				ENABLE_NS_ASSERTIONS = NO;
				ENABLE_STRICT_OBJC_MSGSEND = YES;
				ENABLE_USER_SCRIPT_SANDBOXING = NO;
				GCC_C_LANGUAGE_STANDARD = gnu17;
				GCC_NO_COMMON_BLOCKS = YES;
				GCC_WARN_64_TO_32_BIT_CONVERSION = YES;
				GCC_WARN_ABOUT_RETURN_TYPE = YES_ERROR;
				GCC_WARN_UNDECLARED_SELECTOR = YES;
				GCC_WARN_UNINITIALIZED_AUTOS = YES_AGGRESSIVE;
				GCC_WARN_UNUSED_FUNCTION = YES;
				GCC_WARN_UNUSED_VARIABLE = YES;
				IPHONEOS_DEPLOYMENT_TARGET = 26.1;
				LOCALIZATION_PREFERS_STRING_CATALOGS = YES;
				MTL_ENABLE_DEBUG_INFO = NO;
				MTL_FAST_MATH = YES;
				SDKROOT = iphoneos;
				SWIFT_COMPILATION_MODE = wholemodule;
				VALIDATE_PRODUCT = YES;
			};
			name = Release;
		};
		C04F6A0E2ED94D8900783324 /* Debug */ = {
			isa = XCBuildConfiguration;
			buildSettings = {
				BUNDLE_LOADER = "$(TEST_HOST)";
				CODE_SIGN_STYLE = Automatic;
				CURRENT_PROJECT_VERSION = 1;
				GENERATE_INFOPLIST_FILE = YES;
				IPHONEOS_DEPLOYMENT_TARGET = 26.1;
				MARKETING_VERSION = 1.0;
				PRODUCT_BUNDLE_IDENTIFIER = "ss.ss.ios-host-appTests";
				PRODUCT_NAME = "$(TARGET_NAME)";
				STRING_CATALOG_GENERATE_SYMBOLS = NO;
				SWIFT_APPROACHABLE_CONCURRENCY = YES;
				SWIFT_EMIT_LOC_STRINGS = NO;
				SWIFT_UPCOMING_FEATURE_MEMBER_IMPORT_VISIBILITY = YES;
				SWIFT_VERSION = 5.0;
				TARGETED_DEVICE_FAMILY = "1,2";
				TEST_HOST = "$(BUILT_PRODUCTS_DIR)/ios_host_app.app/$(BUNDLE_EXECUTABLE_FOLDER_PATH)/ios_host_app";
			};
			name = Debug;
		};
		C04F6A0F2ED94D8900783324 /* Release */ = {
			isa = XCBuildConfiguration;
			buildSettings = {
				BUNDLE_LOADER = "$(TEST_HOST)";
				CODE_SIGN_STYLE = Automatic;
				CURRENT_PROJECT_VERSION = 1;
				GENERATE_INFOPLIST_FILE = YES;
				IPHONEOS_DEPLOYMENT_TARGET = 26.1;
				MARKETING_VERSION = 1.0;
				PRODUCT_BUNDLE_IDENTIFIER = "ss.ss.ios-host-appTests";
				PRODUCT_NAME = "$(TARGET_NAME)";
				STRING_CATALOG_GENERATE_SYMBOLS = NO;
				SWIFT_APPROACHABLE_CONCURRENCY = YES;
				SWIFT_EMIT_LOC_STRINGS = NO;
				SWIFT_UPCOMING_FEATURE_MEMBER_IMPORT_VISIBILITY = YES;
				SWIFT_VERSION = 5.0;
				TARGETED_DEVICE_FAMILY = "1,2";
				TEST_HOST = "$(BUILT_PRODUCTS_DIR)/ios_host_app.app/$(BUNDLE_EXECUTABLE_FOLDER_PATH)/ios_host_app";
			};
			name = Release;
		};
		C04F6A112ED94D8900783324 /* Debug */ = {
			isa = XCBuildConfiguration;
			buildSettings = {
				CODE_SIGN_STYLE = Automatic;
				CURRENT_PROJECT_VERSION = 1;
				GENERATE_INFOPLIST_FILE = YES;
				MARKETING_VERSION = 1.0;
				PRODUCT_BUNDLE_IDENTIFIER = "ss.ss.ios-host-appUITests";
				PRODUCT_NAME = "$(TARGET_NAME)";
				STRING_CATALOG_GENERATE_SYMBOLS = NO;
				SWIFT_APPROACHABLE_CONCURRENCY = YES;
				SWIFT_EMIT_LOC_STRINGS = NO;
				SWIFT_UPCOMING_FEATURE_MEMBER_IMPORT_VISIBILITY = YES;
				SWIFT_VERSION = 5.0;
				TARGETED_DEVICE_FAMILY = "1,2";
				TEST_TARGET_NAME = ios_host_app;
			};
			name = Debug;
		};
		C04F6A122ED94D8900783324 /* Release */ = {
			isa = XCBuildConfiguration;
			buildSettings = {
				CODE_SIGN_STYLE = Automatic;
				CURRENT_PROJECT_VERSION = 1;
				GENERATE_INFOPLIST_FILE = YES;
				MARKETING_VERSION = 1.0;
				PRODUCT_BUNDLE_IDENTIFIER = "ss.ss.ios-host-appUITests";
				PRODUCT_NAME = "$(TARGET_NAME)";
				STRING_CATALOG_GENERATE_SYMBOLS = NO;
				SWIFT_APPROACHABLE_CONCURRENCY = YES;
				SWIFT_EMIT_LOC_STRINGS = NO;
				SWIFT_UPCOMING_FEATURE_MEMBER_IMPORT_VISIBILITY = YES;
				SWIFT_VERSION = 5.0;
				TARGETED_DEVICE_FAMILY = "1,2";
				TEST_TARGET_NAME = ios_host_app;
			};
			name = Release;
		};
/* End XCBuildConfiguration section */

/* Begin XCConfigurationList section */
		C04F69DA2ED94D8800783324 /* Build configuration list for PBXProject "ios_host_app" */ = {
			isa = XCConfigurationList;
			buildConfigurations = (
				C04F6A0B2ED94D8900783324 /* Debug */,
				C04F6A0C2ED94D8900783324 /* Release */,
			);
			defaultConfigurationIsVisible = 0;
			defaultConfigurationName = Release;
		};
		C04F6A082ED94D8900783324 /* Build configuration list for PBXNativeTarget "ios_host_app" */ = {
			isa = XCConfigurationList;
			buildConfigurations = (
				C04F6A092ED94D8900783324 /* Debug */,
				C04F6A0A2ED94D8900783324 /* Release */,
			);
			defaultConfigurationIsVisible = 0;
			defaultConfigurationName = Release;
		};
		C04F6A0D2ED94D8900783324 /* Build configuration list for PBXNativeTarget "ios_host_appTests" */ = {
			isa = XCConfigurationList;
			buildConfigurations = (
				C04F6A0E2ED94D8900783324 /* Debug */,
				C04F6A0F2ED94D8900783324 /* Release */,
			);
			defaultConfigurationIsVisible = 0;
			defaultConfigurationName = Release;
		};
		C04F6A102ED94D8900783324 /* Build configuration list for PBXNativeTarget "ios_host_appUITests" */ = {
			isa = XCConfigurationList;
			buildConfigurations = (
				C04F6A112ED94D8900783324 /* Debug */,
				C04F6A122ED94D8900783324 /* Release */,
			);
			defaultConfigurationIsVisible = 0;
			defaultConfigurationName = Release;
		};
/* End XCConfigurationList section */
	};
	rootObject = C04F69D72ED94D8800783324 /* Project object */;
}
